
Microsoft Visual Studio Solution File, Format Version 12.00
# Visual Studio 15
VisualStudioVersion = 15.0.27428.2011
MinimumVisualStudioVersion = 10.0.40219.1
Project("{9A19103F-16F7-4668-BE54-9A1E7A4F7556}") = "ws-proxy", "ws-proxy\ws-proxy.csproj", "{73ECE88A-604A-4AD4-83F3-5F1882775DB1}"
EndProject
Project("{9A19103F-16F7-4668-BE54-9A1E7A4F7556}") = "ws-proxy-server", "ws-proxy-server\ws-proxy-server.csproj", "{02383C54-D08B-4481-AB46-A599F07DF76A}"
EndProject
Project("{E53339B2-1760-4266-BCC7-CA923CBCF16C}") = "docker-compose", "docker-compose.dcproj", "{6652E10A-56E8-4B92-B27B-121EF08A07A0}"
EndProject
Global
	GlobalSection(SolutionConfigurationPlatforms) = preSolution
		Debug|Any CPU = Debug|Any CPU
		Release|Any CPU = Release|Any CPU
	EndGlobalSection
	GlobalSection(ProjectConfigurationPlatforms) = postSolution
		{73ECE88A-604A-4AD4-83F3-5F1882775DB1}.Debug|Any CPU.ActiveCfg = Debug|Any CPU
		{73ECE88A-604A-4AD4-83F3-5F1882775DB1}.Debug|Any CPU.Build.0 = Debug|Any CPU
		{73ECE88A-604A-4AD4-83F3-5F1882775DB1}.Release|Any CPU.ActiveCfg = Release|Any CPU
		{73ECE88A-604A-4AD4-83F3-5F1882775DB1}.Release|Any CPU.Build.0 = Release|Any CPU
		{02383C54-D08B-4481-AB46-A599F07DF76A}.Debug|Any CPU.ActiveCfg = Debug|Any CPU
		{02383C54-D08B-4481-AB46-A599F07DF76A}.Debug|Any CPU.Build.0 = Debug|Any CPU
		{02383C54-D08B-4481-AB46-A599F07DF76A}.Release|Any CPU.ActiveCfg = Release|Any CPU
		{02383C54-D08B-4481-AB46-A599F07DF76A}.Release|Any CPU.Build.0 = Release|Any CPU
		{6652E10A-56E8-4B92-B27B-121EF08A07A0}.Debug|Any CPU.ActiveCfg = Debug|Any CPU
		{6652E10A-56E8-4B92-B27B-121EF08A07A0}.Debug|Any CPU.Build.0 = Debug|Any CPU
		{6652E10A-56E8-4B92-B27B-121EF08A07A0}.Release|Any CPU.ActiveCfg = Release|Any CPU
		{6652E10A-56E8-4B92-B27B-121EF08A07A0}.Release|Any CPU.Build.0 = Release|Any CPU
	EndGlobalSection
	GlobalSection(SolutionProperties) = preSolution
		HideSolutionNode = FALSE
	EndGlobalSection
	GlobalSection(ExtensibilityGlobals) = postSolution
		SolutionGuid = {ADF5C10D-2FD0-4137-8C7B-266758C2F371}
	EndGlobalSection
EndGlobal
